{
  "name": "@hackathon-climat-05/data-microservice",
  "version": "0.0.1",
  "lockfileVersion": 2,
  "requires": true,
  "packages": {
    "": {
      "name": "@hackathon-climat-05/data-microservice",
      "version": "0.0.1",
      "license": "MIT",
      "dependencies": {
        "@hackathon-climat-05/common-lib": ">=0.0.0"
      }
    },
    "node_modules/@hackathon-climat-05/common-lib": {
      "version": "0.0.1",
      "resolved": "https://npm.pkg.github.com/download/@hackathon-climat-05/common-lib/0.0.1/15f16617877b42e46102e63a7a49467c55a06420970d9929774b3d3cdb84dfdd",
      "integrity": "sha512-/1quJtnDpDigpHtA/Cf3Cy602K61OE7Skymcu7qsQ6vlGIasXVQc5tv8hgDA0qyRW08uS3BHeiQQYccYK5RPmg==",
      "license": "MIT"
    }
  },
  "dependencies": {
    "@hackathon-climat-05/common-lib": {
      "version": "0.0.1",
      "resolved": "https://npm.pkg.github.com/download/@hackathon-climat-05/common-lib/0.0.1/15f16617877b42e46102e63a7a49467c55a06420970d9929774b3d3cdb84dfdd",
      "integrity": "sha512-/1quJtnDpDigpHtA/Cf3Cy602K61OE7Skymcu7qsQ6vlGIasXVQc5tv8hgDA0qyRW08uS3BHeiQQYccYK5RPmg=="
    }
  }
}
